{
  "requires": true,
  "lockfileVersion": 1,
  "dependencies": {
    "uview-ui": {
      "version": "1.6.9",
      "resolved": "https://registry.npmjs.org/uview-ui/-/uview-ui-1.6.9.tgz",
      "integrity": "sha512-YTfhAgUO+OXrNmib+SXP6KOxzFEyJu1rloKb0tgL0herkmeQ/6KfsmGnsMGz7z/nC9/mkrZ68iQ8IMcykryYhg=="
    },
    "vk-unicloud-dynamic-components": {
      "version": "1.0.2",
      "resolved": "https://registry.npmjs.org/vk-unicloud-dynamic-components/-/vk-unicloud-dynamic-components-1.0.2.tgz",
      "integrity": "sha512-kWMud4LHxlUACjkkstBY0vPOAFnT1nMv5ezcNF471M05d9+S8N+NPXPsXoXpcfJQpHYSp2fKvUls4Wrv/QROgQ=="
    },
    "vk-unicloud-page": {
      "version": "1.4.0",
      "resolved": "https://registry.npmjs.org/vk-unicloud-page/-/vk-unicloud-page-1.4.0.tgz",
      "integrity": "sha512-anV2GtNk5L+vV+YUF2hFyb7yMtiMcp6cNoC+kSG2GFm8q4pBu0zrI5RqPFlYNIjWO1aev/FIpXbSMnb8cJ6sxA==",
      "requires": {
        "uview-ui": "~1.6.9",
        "vk-unicloud-dynamic-components": "~1.0.2"
      }
    }
  }
}
