{
  "requires": true,
  "lockfileVersion": 1,
  "dependencies": {
    "uview-ui": {
      "version": "1.6.9",
      "resolved": "https://registry.npmjs.org/uview-ui/-/uview-ui-1.6.9.tgz",
      "integrity": "sha512-YTfhAgUO+OXrNmib+SXP6KOxzFEyJu1rloKb0tgL0herkmeQ/6KfsmGnsMGz7z/nC9/mkrZ68iQ8IMcykryYhg=="
    },
    "vk-unicloud-dynamic-components": {
      "version": "1.0.1",
      "resolved": "https://registry.npmjs.org/vk-unicloud-dynamic-components/-/vk-unicloud-dynamic-components-1.0.1.tgz",
      "integrity": "sha512-p0tEzCq3g3/Bxy1WIGZXjJV1UvZYy+FxxBnD3MCLl8FPSjpUHirOUo8qzifG0PYKWhEGpuL40Y0HOxUZ7ktB1g=="
    },
    "vk-unicloud-page": {
      "version": "1.3.9",
      "resolved": "https://registry.npmjs.org/vk-unicloud-page/-/vk-unicloud-page-1.3.9.tgz",
      "integrity": "sha512-ZBED96eArbs6cydRgLBgUR6elct49ftNFICsAQIOCDx4GKrf5/xgYpCGEiaQJBFkVoVNPwS01Dhb4Ejx26VLTQ==",
      "requires": {
        "uview-ui": "~1.6.9",
        "vk-unicloud-dynamic-components": "~1.0.1"
      }
    }
  }
}
