{
  "name": "router",
  "version": "1.0.0",
  "lockfileVersion": 1,
  "requires": true,
  "dependencies": {
    "config": {
      "version": "file:../common/config"
    },
    "uni-id": {
      "version": "file:../common/uni-id"
    },
    "vk-unicloud": {
      "version": "file:../common/vk-unicloud"
    }
  }
}
